
Microsoft Visual Studio Solution File, Format Version 12.00
# Visual Studio Version 16
VisualStudioVersion = 16.0.29519.87
MinimumVisualStudioVersion = 10.0.40219.1
Project("{FAE04EC0-301F-11D3-BF4B-00C04F79EFBC}") = "Cajaplast", "Cajaplast\Cajaplast.csproj", "{15AFF20B-F43D-4E75-A50D-0AE2AA42BBD5}"
EndProject
Global
	GlobalSection(SolutionConfigurationPlatforms) = preSolution
		Debug|Any CPU = Debug|Any CPU
		Release|Any CPU = Release|Any CPU
	EndGlobalSection
	GlobalSection(ProjectConfigurationPlatforms) = postSolution
		{15AFF20B-F43D-4E75-A50D-0AE2AA42BBD5}.Debug|Any CPU.ActiveCfg = Debug|Any CPU
		{15AFF20B-F43D-4E75-A50D-0AE2AA42BBD5}.Debug|Any CPU.Build.0 = Debug|Any CPU
		{15AFF20B-F43D-4E75-A50D-0AE2AA42BBD5}.Release|Any CPU.ActiveCfg = Release|Any CPU
		{15AFF20B-F43D-4E75-A50D-0AE2AA42BBD5}.Release|Any CPU.Build.0 = Release|Any CPU
	EndGlobalSection
	GlobalSection(SolutionProperties) = preSolution
		HideSolutionNode = FALSE
	EndGlobalSection
	GlobalSection(ExtensibilityGlobals) = postSolution
		SolutionGuid = {C6D6F5DD-5FF5-4541-B0E0-B8A2E6A55DE6}
	EndGlobalSection
EndGlobal
